
Microsoft Visual Studio Solution File, Format Version 12.00
# Visual Studio 15
VisualStudioVersion = 15.0.28307.779
MinimumVisualStudioVersion = 10.0.40219.1
Project("{FAE04EC0-301F-11D3-BF4B-00C04F79EFBC}") = "BusinessDayCounter", "BusinessDayCounter\BusinessDayCounter.csproj", "{A7E9A349-6F78-4A93-943E-D71E4A00C3D8}"
EndProject
Global
	GlobalSection(SolutionConfigurationPlatforms) = preSolution
		Debug|Any CPU = Debug|Any CPU
		Release|Any CPU = Release|Any CPU
	EndGlobalSection
	GlobalSection(ProjectConfigurationPlatforms) = postSolution
		{A7E9A349-6F78-4A93-943E-D71E4A00C3D8}.Debug|Any CPU.ActiveCfg = Debug|Any CPU
		{A7E9A349-6F78-4A93-943E-D71E4A00C3D8}.Debug|Any CPU.Build.0 = Debug|Any CPU
		{A7E9A349-6F78-4A93-943E-D71E4A00C3D8}.Release|Any CPU.ActiveCfg = Release|Any CPU
		{A7E9A349-6F78-4A93-943E-D71E4A00C3D8}.Release|Any CPU.Build.0 = Release|Any CPU
	EndGlobalSection
	GlobalSection(SolutionProperties) = preSolution
		HideSolutionNode = FALSE
	EndGlobalSection
	GlobalSection(ExtensibilityGlobals) = postSolution
		SolutionGuid = {91A14740-6ECB-48A6-A541-900680E28880}
	EndGlobalSection
EndGlobal
